
Microsoft Visual Studio Solution File, Format Version 12.00
# Visual Studio Version 17
VisualStudioVersion = 17.11.35327.3
MinimumVisualStudioVersion = 10.0.40219.1
Project("{FAE04EC0-301F-11D3-BF4B-00C04F79EFBC}") = "AluguelQuarto", "AluguelQuarto\AluguelQuarto.csproj", "{7BB820AD-4526-4EFC-9FD3-C72A431EE83C}"
EndProject
Global
	GlobalSection(SolutionConfigurationPlatforms) = preSolution
		Debug|Any CPU = Debug|Any CPU
		Release|Any CPU = Release|Any CPU
	EndGlobalSection
	GlobalSection(ProjectConfigurationPlatforms) = postSolution
		{7BB820AD-4526-4EFC-9FD3-C72A431EE83C}.Debug|Any CPU.ActiveCfg = Debug|Any CPU
		{7BB820AD-4526-4EFC-9FD3-C72A431EE83C}.Debug|Any CPU.Build.0 = Debug|Any CPU
		{7BB820AD-4526-4EFC-9FD3-C72A431EE83C}.Release|Any CPU.ActiveCfg = Release|Any CPU
		{7BB820AD-4526-4EFC-9FD3-C72A431EE83C}.Release|Any CPU.Build.0 = Release|Any CPU
	EndGlobalSection
	GlobalSection(SolutionProperties) = preSolution
		HideSolutionNode = FALSE
	EndGlobalSection
	GlobalSection(ExtensibilityGlobals) = postSolution
		SolutionGuid = {1739C326-8C9A-446D-A1F2-4A26F1238411}
	EndGlobalSection
EndGlobal
