
Microsoft Visual Studio Solution File, Format Version 12.00
# Visual Studio Version 17
VisualStudioVersion = 17.11.35327.3
MinimumVisualStudioVersion = 10.0.40219.1
Project("{FAE04EC0-301F-11D3-BF4B-00C04F79EFBC}") = "DadosFuncionario", "DadosFuncionario\DadosFuncionario.csproj", "{0D59B410-0D70-473F-B7E9-25BA18C23388}"
EndProject
Global
	GlobalSection(SolutionConfigurationPlatforms) = preSolution
		Debug|Any CPU = Debug|Any CPU
		Release|Any CPU = Release|Any CPU
	EndGlobalSection
	GlobalSection(ProjectConfigurationPlatforms) = postSolution
		{0D59B410-0D70-473F-B7E9-25BA18C23388}.Debug|Any CPU.ActiveCfg = Debug|Any CPU
		{0D59B410-0D70-473F-B7E9-25BA18C23388}.Debug|Any CPU.Build.0 = Debug|Any CPU
		{0D59B410-0D70-473F-B7E9-25BA18C23388}.Release|Any CPU.ActiveCfg = Release|Any CPU
		{0D59B410-0D70-473F-B7E9-25BA18C23388}.Release|Any CPU.Build.0 = Release|Any CPU
	EndGlobalSection
	GlobalSection(SolutionProperties) = preSolution
		HideSolutionNode = FALSE
	EndGlobalSection
	GlobalSection(ExtensibilityGlobals) = postSolution
		SolutionGuid = {9C8C28D9-7483-4AC8-B61F-B6C5D87F56EF}
	EndGlobalSection
EndGlobal
